{
  "version": 4,
  "terraform_version": "1.3.7",
  "serial": 19,
  "lineage": "35b9f548-de3e-0a2f-2930-10f2109bfed4",
  "outputs": {},
  "resources": [
    {
      "mode": "managed",
      "type": "genesyscloud_routing_queue",
      "name": "mySimpleCDKQueue",
      "provider": "provider[\"registry.terraform.io/mypurecloud/genesyscloud\"]",
      "instances": [
        {
          "schema_version": 1,
          "attributes": {
            "acw_timeout_ms": 0,
            "acw_wrapup_prompt": "MANDATORY_TIMEOUT",
            "auto_answer_only": true,
            "bullseye_rings": [],
            "calling_party_name": "",
            "calling_party_number": "",
            "default_script_ids": {},
            "description": "Example Queue built by CDK",
            "division_id": "e2220f18-f824-4ade-adf8-7375c04e5eb6",
            "email_in_queue_flow_id": "",
            "enable_manual_assignment": false,
            "enable_transcription": false,
            "groups": [],
            "id": "dc65bf63-9439-46cd-8853-7fec21836a51",
            "media_settings_call": [
              {
                "alerting_timeout_sec": 8,
                "service_level_duration_ms": 20000,
                "service_level_percentage": 0.8
              }
            ],
            "media_settings_callback": [
              {
                "alerting_timeout_sec": 30,
                "service_level_duration_ms": 20000,
                "service_level_percentage": 0.8
              }
            ],
            "media_settings_chat": [
              {
                "alerting_timeout_sec": 30,
                "service_level_duration_ms": 20000,
                "service_level_percentage": 0.8
              }
            ],
            "media_settings_email": [
              {
                "alerting_timeout_sec": 300,
                "service_level_duration_ms": 86400000,
                "service_level_percentage": 0.8
              }
            ],
            "media_settings_message": [
              {
                "alerting_timeout_sec": 30,
                "service_level_duration_ms": 20000,
                "service_level_percentage": 0.8
              }
            ],
            "members": [],
            "message_in_queue_flow_id": "",
            "name": "MySimpleCDKQueue",
            "outbound_email_address": [],
            "outbound_messaging_sms_address_id": "",
            "queue_flow_id": "",
            "routing_rules": [],
            "skill_evaluation_method": "ALL",
            "skill_groups": [],
            "teams": [],
            "whisper_prompt_id": "",
            "wrapup_codes": []
          },
          "sensitive_attributes": [],
          "private": "eyJzY2hlbWFfdmVyc2lvbiI6IjEifQ=="
        }
      ]
    },
    {
      "mode": "managed",
      "type": "genesyscloud_tf_export",
      "name": "myexport",
      "provider": "provider[\"registry.terraform.io/mypurecloud/genesyscloud\"]",
      "instances": [
        {
          "schema_version": 0,
          "attributes": {
            "directory": "./genesyscloud/export",
            "exclude_attributes": null,
            "export_as_hcl": true,
            "id": "genesyscloud/export/genesyscloud.tf",
            "include_state_file": true,
            "log_permission_errors": false,
            "resource_types": [
              "genesyscloud_routing_queue"
            ]
          },
          "sensitive_attributes": [],
          "private": "bnVsbA=="
        }
      ]
    }
  ],
  "check_results": null
}
